
Microsoft Visual Studio Solution File, Format Version 12.00
# Visual Studio Version 16
VisualStudioVersion = 16.0.29728.190
MinimumVisualStudioVersion = 10.0.40219.1
Project("{9A19103F-16F7-4668-BE54-9A1E7A4F7556}") = "BlazorComponentsDemo", "BlazorComponentsDemo\BlazorComponentsDemo.csproj", "{0B0D70D4-287F-4FA5-B9EE-D939B341C480}"
EndProject
Global
	GlobalSection(SolutionConfigurationPlatforms) = preSolution
		Debug|Any CPU = Debug|Any CPU
		Release|Any CPU = Release|Any CPU
	EndGlobalSection
	GlobalSection(ProjectConfigurationPlatforms) = postSolution
		{0B0D70D4-287F-4FA5-B9EE-D939B341C480}.Debug|Any CPU.ActiveCfg = Debug|Any CPU
		{0B0D70D4-287F-4FA5-B9EE-D939B341C480}.Debug|Any CPU.Build.0 = Debug|Any CPU
		{0B0D70D4-287F-4FA5-B9EE-D939B341C480}.Release|Any CPU.ActiveCfg = Release|Any CPU
		{0B0D70D4-287F-4FA5-B9EE-D939B341C480}.Release|Any CPU.Build.0 = Release|Any CPU
	EndGlobalSection
	GlobalSection(SolutionProperties) = preSolution
		HideSolutionNode = FALSE
	EndGlobalSection
	GlobalSection(ExtensibilityGlobals) = postSolution
		SolutionGuid = {D670B728-9244-48C9-9B11-223062E02878}
	EndGlobalSection
EndGlobal
